
Microsoft Visual Studio Solution File, Format Version 12.00
# Visual Studio Version 17
VisualStudioVersion = 17.10.35027.167
MinimumVisualStudioVersion = 10.0.40219.1
Project("{FAE04EC0-301F-11D3-BF4B-00C04F79EFBC}") = "Stajyer.Api", "Stajyer.Api\Stajyer.Api.csproj", "{C6A1CEC8-D268-4657-ABD2-37FB59338528}"
EndProject
Global
	GlobalSection(SolutionConfigurationPlatforms) = preSolution
		Debug|Any CPU = Debug|Any CPU
		Release|Any CPU = Release|Any CPU
	EndGlobalSection
	GlobalSection(ProjectConfigurationPlatforms) = postSolution
		{C6A1CEC8-D268-4657-ABD2-37FB59338528}.Debug|Any CPU.ActiveCfg = Debug|Any CPU
		{C6A1CEC8-D268-4657-ABD2-37FB59338528}.Debug|Any CPU.Build.0 = Debug|Any CPU
		{C6A1CEC8-D268-4657-ABD2-37FB59338528}.Release|Any CPU.ActiveCfg = Release|Any CPU
		{C6A1CEC8-D268-4657-ABD2-37FB59338528}.Release|Any CPU.Build.0 = Release|Any CPU
	EndGlobalSection
	GlobalSection(SolutionProperties) = preSolution
		HideSolutionNode = FALSE
	EndGlobalSection
	GlobalSection(ExtensibilityGlobals) = postSolution
		SolutionGuid = {0BA10C3E-7B70-46F0-80A6-701F24E46F32}
	EndGlobalSection
EndGlobal
